{
  "object": {
    "pins": [
      {
        "package": "BirdbrainBLE",
        "repositoryURL": "git@github.com:chrisbartley/BirdbrainBLE.git",
        "state": {
          "branch": null,
          "revision": "d7b14d4f52b1026547dc498d3f977824f609070f",
          "version": "0.7.1"
        }
      }
    ]
  },
  "version": 1
}
