{
  "object": {
    "pins": [
      {
        "package": "BirdbrainBLE",
        "repositoryURL": "git@github.com:BirdBrainTechnologies/BirdbrainBLE.git",
        "state": {
          "branch": null,
          "revision": "1f048c7d44f126ef54947ff74d25c0c5a88f6459",
          "version": "0.6.1"
        }
      }
    ]
  },
  "version": 1
}
