{
  "object": {
    "pins": [
      {
        "package": "BirdbrainBLE",
        "repositoryURL": "git@github.com:chrisbartley/BirdbrainBLE.git",
        "state": {
          "branch": null,
          "revision": "b9284b52f08c820a26d8d441792ab7b1c144d73f",
          "version": "0.7.0"
        }
      }
    ]
  },
  "version": 1
}
